
Microsoft Visual Studio Solution File, Format Version 12.00
# Visual Studio Version 16
VisualStudioVersion = 16.0.29721.120
MinimumVisualStudioVersion = 10.0.40219.1
Project("{FAE04EC0-301F-11D3-BF4B-00C04F79EFBC}") = "StatTrak", "StatTrak\StatTrak.csproj", "{F9EACE6E-7D32-41AD-9E14-8478C80DE5EB}"
EndProject
Global
	GlobalSection(SolutionConfigurationPlatforms) = preSolution
		Debug|Any CPU = Debug|Any CPU
		Release|Any CPU = Release|Any CPU
	EndGlobalSection
	GlobalSection(ProjectConfigurationPlatforms) = postSolution
		{F9EACE6E-7D32-41AD-9E14-8478C80DE5EB}.Debug|Any CPU.ActiveCfg = Debug|Any CPU
		{F9EACE6E-7D32-41AD-9E14-8478C80DE5EB}.Debug|Any CPU.Build.0 = Debug|Any CPU
		{F9EACE6E-7D32-41AD-9E14-8478C80DE5EB}.Release|Any CPU.ActiveCfg = Release|Any CPU
		{F9EACE6E-7D32-41AD-9E14-8478C80DE5EB}.Release|Any CPU.Build.0 = Release|Any CPU
	EndGlobalSection
	GlobalSection(SolutionProperties) = preSolution
		HideSolutionNode = FALSE
	EndGlobalSection
	GlobalSection(ExtensibilityGlobals) = postSolution
		SolutionGuid = {65C5988A-CAE4-4E9C-BEEC-3B4783401756}
	EndGlobalSection
EndGlobal
